
Microsoft Visual Studio Solution File, Format Version 12.00
# Visual Studio 15
VisualStudioVersion = 15.0.27004.2008
MinimumVisualStudioVersion = 10.0.40219.1
Project("{FAE04EC0-301F-11D3-BF4B-00C04F79EFBC}") = "CodeGen.Core", "CodeGen.Core\CodeGen.Core.csproj", "{0D14D6A9-0FC7-4944-A08E-30A721C8AAE8}"
EndProject
Project("{2150E333-8FDC-42A3-9474-1A3956D46DE8}") = "Solution Items", "Solution Items", "{A00DCE92-77E9-4F05-A4D6-96B74F570790}"
	ProjectSection(SolutionItems) = preProject
		build.ps1 = build.ps1
		cake.config = cake.config
	EndProjectSection
EndProject
Project("{FAE04EC0-301F-11D3-BF4B-00C04F79EFBC}") = "RoseLibApp", "RoseLibApp\RoseLibApp.csproj", "{C0B6F8E2-92B3-4254-9C42-C85F561C05D4}"
EndProject
Project("{FAE04EC0-301F-11D3-BF4B-00C04F79EFBC}") = "CodeGen.Generators", "CodeGen.Generators\CodeGen.Generators.csproj", "{A009E036-5052-4722-8C1B-481FA4E72DCB}"
EndProject
Global
	GlobalSection(SolutionConfigurationPlatforms) = preSolution
		Debug|Any CPU = Debug|Any CPU
		Release|Any CPU = Release|Any CPU
	EndGlobalSection
	GlobalSection(ProjectConfigurationPlatforms) = postSolution
		{0D14D6A9-0FC7-4944-A08E-30A721C8AAE8}.Debug|Any CPU.ActiveCfg = Debug|Any CPU
		{0D14D6A9-0FC7-4944-A08E-30A721C8AAE8}.Debug|Any CPU.Build.0 = Debug|Any CPU
		{0D14D6A9-0FC7-4944-A08E-30A721C8AAE8}.Release|Any CPU.ActiveCfg = Release|Any CPU
		{0D14D6A9-0FC7-4944-A08E-30A721C8AAE8}.Release|Any CPU.Build.0 = Release|Any CPU
		{C0B6F8E2-92B3-4254-9C42-C85F561C05D4}.Debug|Any CPU.ActiveCfg = Debug|Any CPU
		{C0B6F8E2-92B3-4254-9C42-C85F561C05D4}.Debug|Any CPU.Build.0 = Debug|Any CPU
		{C0B6F8E2-92B3-4254-9C42-C85F561C05D4}.Release|Any CPU.ActiveCfg = Release|Any CPU
		{C0B6F8E2-92B3-4254-9C42-C85F561C05D4}.Release|Any CPU.Build.0 = Release|Any CPU
		{A009E036-5052-4722-8C1B-481FA4E72DCB}.Debug|Any CPU.ActiveCfg = Debug|Any CPU
		{A009E036-5052-4722-8C1B-481FA4E72DCB}.Debug|Any CPU.Build.0 = Debug|Any CPU
		{A009E036-5052-4722-8C1B-481FA4E72DCB}.Release|Any CPU.ActiveCfg = Release|Any CPU
		{A009E036-5052-4722-8C1B-481FA4E72DCB}.Release|Any CPU.Build.0 = Release|Any CPU
	EndGlobalSection
	GlobalSection(SolutionProperties) = preSolution
		HideSolutionNode = FALSE
	EndGlobalSection
	GlobalSection(ExtensibilityGlobals) = postSolution
		SolutionGuid = {1CC1CDFE-F4BB-4F31-8205-236B07274925}
	EndGlobalSection
EndGlobal
